schema: '2.0'
stages:
  data_ingestion:
    cmd: python src/churn/pipelines/pip_01_data_ingestion.py
    deps:
    - path: config/config.yaml
      hash: md5
      md5: 40eaa7a67db82d4a8f8ec0da2f8e5224
      size: 2750
    - path: src/churn/pipelines/pip_01_data_ingestion.py
      hash: md5
      md5: 86f224219c686a005f2e181faab9bf85
      size: 1237
    outs:
    - path: artifacts/data_ingestion/metadata.json
      hash: md5
      md5: e3e06ddd8ad7b51175f21c42526780b6
      size: 211
    - path: artifacts/data_ingestion/web_churn.csv
      hash: md5
      md5: b21af912ed2c9b035cefecdf4e4c706a
      size: 7689980
  data_validation:
    cmd: python src/churn/pipelines/pip_02_data_validation.py
    deps:
    - path: artifacts/data_ingestion/web_churn.csv
      hash: md5
      md5: b21af912ed2c9b035cefecdf4e4c706a
      size: 7689980
    - path: config/config.yaml
      hash: md5
      md5: 40eaa7a67db82d4a8f8ec0da2f8e5224
      size: 2750
    - path: src/churn/pipelines/pip_02_data_validation.py
      hash: md5
      md5: cc74359fd79e152d0409353251943ef9
      size: 2338
    outs:
    - path: artifacts/data_validation/status.json
      hash: md5
      md5: 536dfc3f0c562ae74b2f17d8faf8c6e3
      size: 110
  model_training:
    cmd: python src/churn/pipelines/pip_04_model_trainer.py
    deps:
    - path: config/config.yaml
      hash: md5
      md5: 40eaa7a67db82d4a8f8ec0da2f8e5224
      size: 2750
    - path: src/churn/pipelines/pip_04_model_trainer.py
      hash: md5
      md5: 07e2c9dbd718013040d202bd08e67fe2
      size: 1658
    outs:
    - path: artifacts/model_trainer/model.joblib
      hash: md5
      md5: 3d62a52f803d4b084163e474fec2241c
      size: 1023708
  model_evaluation:
    cmd: python src/churn/pipelines/pip_05_model_evaluation.py
    deps:
    - path: artifacts/data_transformation/X_val_transformed.joblib
      hash: md5
      md5: 78d9b8f6436abd112c9642d9e3d5e99f
      size: 976865
    - path: artifacts/data_transformation/y_val.csv
      hash: md5
      md5: dcb152eaf4111c8fd9a59f8acbd516ea
      size: 16665
    - path: artifacts/model_trainer/model.joblib
      hash: md5
      md5: 3d62a52f803d4b084163e474fec2241c
      size: 1023708
    - path: config/config.yaml
      hash: md5
      md5: 40eaa7a67db82d4a8f8ec0da2f8e5224
      size: 2750
    - path: src/churn/pipelines/pip_05_model_evaluation.py
      hash: md5
      md5: 2cc80ff688bbceeb140870083c52ff0c
      size: 1617
    outs:
    - path: artifacts/model_evaluation/metrics.json
      hash: md5
      md5: 6bd46bd74cff4df7467cebb03f912382
      size: 218
    - path: artifacts/model_evaluation/pr_curve.png
      hash: md5
      md5: efabdea942442210c5b327994ae8d3aa
      size: 31946
    - path: artifacts/model_evaluation/roc_curve.png
      hash: md5
      md5: c32d84d523b1780ed769e8e3dd34ebf2
      size: 39287
  model_validation:
    cmd: python src/churn/pipelines/pip_06_model_validation.py
    deps:
    - path: artifacts/data_transformation/X_test_transformed.joblib
      hash: md5
      md5: 87f1dce7dc766d4ae3cbc6a11c302a32
      size: 976865
    - path: artifacts/data_transformation/y_test.csv
      hash: md5
      md5: 407443a81fe00eda69c230fbb6a7ebf1
      size: 16665
    - path: config/config.yaml
      hash: md5
      md5: 40eaa7a67db82d4a8f8ec0da2f8e5224
      size: 2750
    - path: src/churn/pipelines/pip_06_model_validation.py
      hash: md5
      md5: 54c0cc0397ce5a1a6a30de0072f36ce4
      size: 1529
    outs:
    - path: artifacts/model_validation/metrics.json
      hash: md5
      md5: 0c83157f387af2189cbdf1f839c03703
      size: 221
    - path: artifacts/model_validation/pr_curve.png
      hash: md5
      md5: 7783fa058242a50a2a81ee4166e6e318
      size: 32010
    - path: artifacts/model_validation/roc_curve.png
      hash: md5
      md5: 931e108386053c5efd9556bdb4efe3d1
      size: 39210
